
Microsoft Visual Studio Solution File, Format Version 12.00
# Visual Studio Version 16
VisualStudioVersion = 16.0.808.9
MinimumVisualStudioVersion = 10.0.40219.1
Project("{FAE04EC0-301F-11D3-BF4B-00C04F79EFBC}") = "AreaLib", "AreaCalculation\AreaLib.csproj", "{F7782D28-0BF5-44C3-BBD7-4BD5C5D3DF44}"
EndProject
Project("{FAE04EC0-301F-11D3-BF4B-00C04F79EFBC}") = "TestArea", "TestArea\TestArea.csproj", "{3287C690-FD20-4588-A462-3AB4175FA62D}"
EndProject
Global
	GlobalSection(SolutionConfigurationPlatforms) = preSolution
		Debug|Any CPU = Debug|Any CPU
		Release|Any CPU = Release|Any CPU
	EndGlobalSection
	GlobalSection(ProjectConfigurationPlatforms) = postSolution
		{F7782D28-0BF5-44C3-BBD7-4BD5C5D3DF44}.Debug|Any CPU.ActiveCfg = Debug|Any CPU
		{F7782D28-0BF5-44C3-BBD7-4BD5C5D3DF44}.Debug|Any CPU.Build.0 = Debug|Any CPU
		{F7782D28-0BF5-44C3-BBD7-4BD5C5D3DF44}.Release|Any CPU.ActiveCfg = Release|Any CPU
		{F7782D28-0BF5-44C3-BBD7-4BD5C5D3DF44}.Release|Any CPU.Build.0 = Release|Any CPU
		{3287C690-FD20-4588-A462-3AB4175FA62D}.Debug|Any CPU.ActiveCfg = Debug|Any CPU
		{3287C690-FD20-4588-A462-3AB4175FA62D}.Debug|Any CPU.Build.0 = Debug|Any CPU
		{3287C690-FD20-4588-A462-3AB4175FA62D}.Release|Any CPU.ActiveCfg = Release|Any CPU
		{3287C690-FD20-4588-A462-3AB4175FA62D}.Release|Any CPU.Build.0 = Release|Any CPU
	EndGlobalSection
	GlobalSection(SolutionProperties) = preSolution
		HideSolutionNode = FALSE
	EndGlobalSection
	GlobalSection(ExtensibilityGlobals) = postSolution
		SolutionGuid = {26546F70-9EAF-41C9-A6BB-6917E8C25D5A}
	EndGlobalSection
EndGlobal
